
Microsoft Visual Studio Solution File, Format Version 12.00
# Visual Studio Version 16
VisualStudioVersion = 16.0.31005.135
MinimumVisualStudioVersion = 10.0.40219.1
Project("{9A19103F-16F7-4668-BE54-9A1E7A4F7556}") = "Lab1", "Lab1\Lab1.csproj", "{0F00EEED-E077-4F3F-8AAD-9B806CDD6FA5}"
EndProject
Project("{FAE04EC0-301F-11D3-BF4B-00C04F79EFBC}") = "Tests.Lab1", "Tests.Lab1\Tests.Lab1.csproj", "{9542069D-8775-4FD7-BEBF-08B316FC758A}"
EndProject
Global
	GlobalSection(SolutionConfigurationPlatforms) = preSolution
		Debug|Any CPU = Debug|Any CPU
		Release|Any CPU = Release|Any CPU
	EndGlobalSection
	GlobalSection(ProjectConfigurationPlatforms) = postSolution
		{0F00EEED-E077-4F3F-8AAD-9B806CDD6FA5}.Debug|Any CPU.ActiveCfg = Debug|Any CPU
		{0F00EEED-E077-4F3F-8AAD-9B806CDD6FA5}.Debug|Any CPU.Build.0 = Debug|Any CPU
		{0F00EEED-E077-4F3F-8AAD-9B806CDD6FA5}.Release|Any CPU.ActiveCfg = Release|Any CPU
		{0F00EEED-E077-4F3F-8AAD-9B806CDD6FA5}.Release|Any CPU.Build.0 = Release|Any CPU
		{9542069D-8775-4FD7-BEBF-08B316FC758A}.Debug|Any CPU.ActiveCfg = Debug|Any CPU
		{9542069D-8775-4FD7-BEBF-08B316FC758A}.Debug|Any CPU.Build.0 = Debug|Any CPU
		{9542069D-8775-4FD7-BEBF-08B316FC758A}.Release|Any CPU.ActiveCfg = Release|Any CPU
		{9542069D-8775-4FD7-BEBF-08B316FC758A}.Release|Any CPU.Build.0 = Release|Any CPU
	EndGlobalSection
	GlobalSection(SolutionProperties) = preSolution
		HideSolutionNode = FALSE
	EndGlobalSection
	GlobalSection(ExtensibilityGlobals) = postSolution
		SolutionGuid = {92B6E145-CE32-4514-A02B-734325C51156}
	EndGlobalSection
EndGlobal
